// !$*UTF8*$!
{
	archiveVersion = 1;
	classes = {
	};
	objectVersion = 56;
	objects = {

/* Begin PBXBuildFile section */
		520799692A391227004173BD /* InstagramApp.swift in Sources */ = {isa = PBXBuildFile; fileRef = 520799682A391227004173BD /* InstagramApp.swift */; };
		5207996B2A391227004173BD /* ContentView.swift in Sources */ = {isa = PBXBuildFile; fileRef = 5207996A2A391227004173BD /* ContentView.swift */; };
		5207996D2A391227004173BD /* Assets.xcassets in Resources */ = {isa = PBXBuildFile; fileRef = 5207996C2A391227004173BD /* Assets.xcassets */; };
		520799702A391227004173BD /* Preview Assets.xcassets in Resources */ = {isa = PBXBuildFile; fileRef = 5207996F2A391227004173BD /* Preview Assets.xcassets */; };
		5207997C2A3913B5004173BD /* Profile.swift in Sources */ = {isa = PBXBuildFile; fileRef = 5207997B2A3913B5004173BD /* Profile.swift */; };
		5207997F2A3918A6004173BD /* Color.swift in Sources */ = {isa = PBXBuildFile; fileRef = 5207997E2A3918A6004173BD /* Color.swift */; };
		520799852A392D89004173BD /* ProfilePhotoButton.swift in Sources */ = {isa = PBXBuildFile; fileRef = 520799842A392D89004173BD /* ProfilePhotoButton.swift */; };
		520799872A393695004173BD /* ProfileOverview.swift in Sources */ = {isa = PBXBuildFile; fileRef = 520799862A393695004173BD /* ProfileOverview.swift */; };
		520799892A39371E004173BD /* ProfileBio.swift in Sources */ = {isa = PBXBuildFile; fileRef = 520799882A39371E004173BD /* ProfileBio.swift */; };
		5207998D2A3937BE004173BD /* UserProfile.swift in Sources */ = {isa = PBXBuildFile; fileRef = 5207998C2A3937BE004173BD /* UserProfile.swift */; };
		520799902A393968004173BD /* KMBFormatter in Frameworks */ = {isa = PBXBuildFile; productRef = 5207998F2A393968004173BD /* KMBFormatter */; };
		520799922A394AD3004173BD /* ProfileActionButton.swift in Sources */ = {isa = PBXBuildFile; fileRef = 520799912A394AD3004173BD /* ProfileActionButton.swift */; };
		520799952A394B43004173BD /* Database.swift in Sources */ = {isa = PBXBuildFile; fileRef = 520799942A394B43004173BD /* Database.swift */; };
		520799972A394FD4004173BD /* Int64.swift in Sources */ = {isa = PBXBuildFile; fileRef = 520799962A394FD4004173BD /* Int64.swift */; };
		520799992A3964F6004173BD /* ProfileStoryHighlights.swift in Sources */ = {isa = PBXBuildFile; fileRef = 520799982A3964F6004173BD /* ProfileStoryHighlights.swift */; };
		5207999B2A3965BB004173BD /* StoryHighlight.swift in Sources */ = {isa = PBXBuildFile; fileRef = 5207999A2A3965BB004173BD /* StoryHighlight.swift */; };
		520799A12A3A1513004173BD /* ProfileTab.swift in Sources */ = {isa = PBXBuildFile; fileRef = 520799A02A3A1513004173BD /* ProfileTab.swift */; };
		520799A32A3A197A004173BD /* ProfileTabBar.swift in Sources */ = {isa = PBXBuildFile; fileRef = 520799A22A3A197A004173BD /* ProfileTabBar.swift */; };
		520799A52A3A75E1004173BD /* UserPost.swift in Sources */ = {isa = PBXBuildFile; fileRef = 520799A42A3A75E1004173BD /* UserPost.swift */; };
		520799A72A3A88BB004173BD /* Array.swift in Sources */ = {isa = PBXBuildFile; fileRef = 520799A62A3A88BB004173BD /* Array.swift */; };
		5208ABEF2A49F26500299F12 /* ScreenTab.swift in Sources */ = {isa = PBXBuildFile; fileRef = 5208ABEE2A49F26500299F12 /* ScreenTab.swift */; };
		5230729A2A4A10D000D59EED /* Home.swift in Sources */ = {isa = PBXBuildFile; fileRef = 523072992A4A10D000D59EED /* Home.swift */; };
		5230729C2A4A10DB00D59EED /* Search.swift in Sources */ = {isa = PBXBuildFile; fileRef = 5230729B2A4A10DB00D59EED /* Search.swift */; };
		5230729E2A4A10E200D59EED /* Create.swift in Sources */ = {isa = PBXBuildFile; fileRef = 5230729D2A4A10E200D59EED /* Create.swift */; };
		523072A02A4A10ED00D59EED /* Reels.swift in Sources */ = {isa = PBXBuildFile; fileRef = 5230729F2A4A10ED00D59EED /* Reels.swift */; };
		52326AB52A429E0400F36EF2 /* ProfileReelsTab.swift in Sources */ = {isa = PBXBuildFile; fileRef = 52326AB42A429E0400F36EF2 /* ProfileReelsTab.swift */; };
		52326AB72A42A27000F36EF2 /* ProfileTagsTab.swift in Sources */ = {isa = PBXBuildFile; fileRef = 52326AB62A42A27000F36EF2 /* ProfileTagsTab.swift */; };
		52743EAB2A41314D00C4430D /* ProfileMainContent.swift in Sources */ = {isa = PBXBuildFile; fileRef = 52743EAA2A41314D00C4430D /* ProfileMainContent.swift */; };
		52F9F5062A3B49E300144335 /* ProfilePostsTab.swift in Sources */ = {isa = PBXBuildFile; fileRef = 52F9F5052A3B49E300144335 /* ProfilePostsTab.swift */; };
/* End PBXBuildFile section */

/* Begin PBXFileReference section */
		520799652A391227004173BD /* Instagram.app */ = {isa = PBXFileReference; explicitFileType = wrapper.application; includeInIndex = 0; path = Instagram.app; sourceTree = BUILT_PRODUCTS_DIR; };
		520799682A391227004173BD /* InstagramApp.swift */ = {isa = PBXFileReference; lastKnownFileType = sourcecode.swift; path = InstagramApp.swift; sourceTree = "<group>"; };
		5207996A2A391227004173BD /* ContentView.swift */ = {isa = PBXFileReference; lastKnownFileType = sourcecode.swift; path = ContentView.swift; sourceTree = "<group>"; };
		5207996C2A391227004173BD /* Assets.xcassets */ = {isa = PBXFileReference; lastKnownFileType = folder.assetcatalog; path = Assets.xcassets; sourceTree = "<group>"; };
		5207996F2A391227004173BD /* Preview Assets.xcassets */ = {isa = PBXFileReference; lastKnownFileType = folder.assetcatalog; path = "Preview Assets.xcassets"; sourceTree = "<group>"; };
		5207997B2A3913B5004173BD /* Profile.swift */ = {isa = PBXFileReference; lastKnownFileType = sourcecode.swift; path = Profile.swift; sourceTree = "<group>"; };
		5207997E2A3918A6004173BD /* Color.swift */ = {isa = PBXFileReference; lastKnownFileType = sourcecode.swift; path = Color.swift; sourceTree = "<group>"; };
		520799842A392D89004173BD /* ProfilePhotoButton.swift */ = {isa = PBXFileReference; lastKnownFileType = sourcecode.swift; path = ProfilePhotoButton.swift; sourceTree = "<group>"; };
		520799862A393695004173BD /* ProfileOverview.swift */ = {isa = PBXFileReference; lastKnownFileType = sourcecode.swift; path = ProfileOverview.swift; sourceTree = "<group>"; };
		520799882A39371E004173BD /* ProfileBio.swift */ = {isa = PBXFileReference; lastKnownFileType = sourcecode.swift; path = ProfileBio.swift; sourceTree = "<group>"; };
		5207998C2A3937BE004173BD /* UserProfile.swift */ = {isa = PBXFileReference; lastKnownFileType = sourcecode.swift; path = UserProfile.swift; sourceTree = "<group>"; };
		520799912A394AD3004173BD /* ProfileActionButton.swift */ = {isa = PBXFileReference; lastKnownFileType = sourcecode.swift; path = ProfileActionButton.swift; sourceTree = "<group>"; };
		520799942A394B43004173BD /* Database.swift */ = {isa = PBXFileReference; lastKnownFileType = sourcecode.swift; path = Database.swift; sourceTree = "<group>"; };
		520799962A394FD4004173BD /* Int64.swift */ = {isa = PBXFileReference; lastKnownFileType = sourcecode.swift; path = Int64.swift; sourceTree = "<group>"; };
		520799982A3964F6004173BD /* ProfileStoryHighlights.swift */ = {isa = PBXFileReference; lastKnownFileType = sourcecode.swift; path = ProfileStoryHighlights.swift; sourceTree = "<group>"; };
		5207999A2A3965BB004173BD /* StoryHighlight.swift */ = {isa = PBXFileReference; lastKnownFileType = sourcecode.swift; path = StoryHighlight.swift; sourceTree = "<group>"; };
		520799A02A3A1513004173BD /* ProfileTab.swift */ = {isa = PBXFileReference; lastKnownFileType = sourcecode.swift; path = ProfileTab.swift; sourceTree = "<group>"; };
		520799A22A3A197A004173BD /* ProfileTabBar.swift */ = {isa = PBXFileReference; lastKnownFileType = sourcecode.swift; path = ProfileTabBar.swift; sourceTree = "<group>"; };
		520799A42A3A75E1004173BD /* UserPost.swift */ = {isa = PBXFileReference; lastKnownFileType = sourcecode.swift; path = UserPost.swift; sourceTree = "<group>"; };
		520799A62A3A88BB004173BD /* Array.swift */ = {isa = PBXFileReference; lastKnownFileType = sourcecode.swift; path = Array.swift; sourceTree = "<group>"; };
		5208ABEE2A49F26500299F12 /* ScreenTab.swift */ = {isa = PBXFileReference; lastKnownFileType = sourcecode.swift; path = ScreenTab.swift; sourceTree = "<group>"; };
		523072992A4A10D000D59EED /* Home.swift */ = {isa = PBXFileReference; lastKnownFileType = sourcecode.swift; path = Home.swift; sourceTree = "<group>"; };
		5230729B2A4A10DB00D59EED /* Search.swift */ = {isa = PBXFileReference; lastKnownFileType = sourcecode.swift; path = Search.swift; sourceTree = "<group>"; };
		5230729D2A4A10E200D59EED /* Create.swift */ = {isa = PBXFileReference; lastKnownFileType = sourcecode.swift; path = Create.swift; sourceTree = "<group>"; };
		5230729F2A4A10ED00D59EED /* Reels.swift */ = {isa = PBXFileReference; lastKnownFileType = sourcecode.swift; path = Reels.swift; sourceTree = "<group>"; };
		52326AB42A429E0400F36EF2 /* ProfileReelsTab.swift */ = {isa = PBXFileReference; lastKnownFileType = sourcecode.swift; path = ProfileReelsTab.swift; sourceTree = "<group>"; };
		52326AB62A42A27000F36EF2 /* ProfileTagsTab.swift */ = {isa = PBXFileReference; lastKnownFileType = sourcecode.swift; path = ProfileTagsTab.swift; sourceTree = "<group>"; };
		52743EAA2A41314D00C4430D /* ProfileMainContent.swift */ = {isa = PBXFileReference; lastKnownFileType = sourcecode.swift; path = ProfileMainContent.swift; sourceTree = "<group>"; };
		52F9F5052A3B49E300144335 /* ProfilePostsTab.swift */ = {isa = PBXFileReference; lastKnownFileType = sourcecode.swift; path = ProfilePostsTab.swift; sourceTree = "<group>"; };
/* End PBXFileReference section */

/* Begin PBXFrameworksBuildPhase section */
		520799622A391227004173BD /* Frameworks */ = {
			isa = PBXFrameworksBuildPhase;
			buildActionMask = 2147483647;
			files = (
				520799902A393968004173BD /* KMBFormatter in Frameworks */,
			);
			runOnlyForDeploymentPostprocessing = 0;
		};
/* End PBXFrameworksBuildPhase section */

/* Begin PBXGroup section */
		5207995C2A391227004173BD = {
			isa = PBXGroup;
			children = (
				520799672A391227004173BD /* Instagram */,
				520799662A391227004173BD /* Products */,
			);
			sourceTree = "<group>";
		};
		520799662A391227004173BD /* Products */ = {
			isa = PBXGroup;
			children = (
				520799652A391227004173BD /* Instagram.app */,
			);
			name = Products;
			sourceTree = "<group>";
		};
		520799672A391227004173BD /* Instagram */ = {
			isa = PBXGroup;
			children = (
				520799762A3912EA004173BD /* App */,
				520799772A391307004173BD /* Core */,
				520799792A391337004173BD /* Extensions */,
				5207997A2A391341004173BD /* Models */,
				5207996C2A391227004173BD /* Assets.xcassets */,
				5207996E2A391227004173BD /* Preview Content */,
			);
			path = Instagram;
			sourceTree = "<group>";
		};
		5207996E2A391227004173BD /* Preview Content */ = {
			isa = PBXGroup;
			children = (
				5207996F2A391227004173BD /* Preview Assets.xcassets */,
			);
			path = "Preview Content";
			sourceTree = "<group>";
		};
		520799762A3912EA004173BD /* App */ = {
			isa = PBXGroup;
			children = (
				520799682A391227004173BD /* InstagramApp.swift */,
			);
			path = App;
			sourceTree = "<group>";
		};
		520799772A391307004173BD /* Core */ = {
			isa = PBXGroup;
			children = (
				520799932A394B31004173BD /* Data */,
				520799782A391325004173BD /* Views */,
			);
			path = Core;
			sourceTree = "<group>";
		};
		520799782A391325004173BD /* Views */ = {
			isa = PBXGroup;
			children = (
				5207996A2A391227004173BD /* ContentView.swift */,
				523072942A4A100C00D59EED /* Home */,
				523072952A4A101100D59EED /* Search */,
				523072962A4A101700D59EED /* Create */,
				523072972A4A101B00D59EED /* Reels */,
				5207997D2A3913BA004173BD /* Profile */,
			);
			path = Views;
			sourceTree = "<group>";
		};
		520799792A391337004173BD /* Extensions */ = {
			isa = PBXGroup;
			children = (
				5207997E2A3918A6004173BD /* Color.swift */,
				520799962A394FD4004173BD /* Int64.swift */,
				520799A62A3A88BB004173BD /* Array.swift */,
			);
			path = Extensions;
			sourceTree = "<group>";
		};
		5207997A2A391341004173BD /* Models */ = {
			isa = PBXGroup;
			children = (
				5207998C2A3937BE004173BD /* UserProfile.swift */,
				520799A42A3A75E1004173BD /* UserPost.swift */,
				5207999A2A3965BB004173BD /* StoryHighlight.swift */,
				520799A02A3A1513004173BD /* ProfileTab.swift */,
				5208ABEE2A49F26500299F12 /* ScreenTab.swift */,
			);
			path = Models;
			sourceTree = "<group>";
		};
		5207997D2A3913BA004173BD /* Profile */ = {
			isa = PBXGroup;
			children = (
				5207997B2A3913B5004173BD /* Profile.swift */,
				520799912A394AD3004173BD /* ProfileActionButton.swift */,
				520799882A39371E004173BD /* ProfileBio.swift */,
				52743EAA2A41314D00C4430D /* ProfileMainContent.swift */,
				520799862A393695004173BD /* ProfileOverview.swift */,
				520799842A392D89004173BD /* ProfilePhotoButton.swift */,
				52F9F5052A3B49E300144335 /* ProfilePostsTab.swift */,
				52326AB42A429E0400F36EF2 /* ProfileReelsTab.swift */,
				520799982A3964F6004173BD /* ProfileStoryHighlights.swift */,
				520799A22A3A197A004173BD /* ProfileTabBar.swift */,
				52326AB62A42A27000F36EF2 /* ProfileTagsTab.swift */,
			);
			path = Profile;
			sourceTree = "<group>";
		};
		520799932A394B31004173BD /* Data */ = {
			isa = PBXGroup;
			children = (
				520799942A394B43004173BD /* Database.swift */,
			);
			path = Data;
			sourceTree = "<group>";
		};
		523072942A4A100C00D59EED /* Home */ = {
			isa = PBXGroup;
			children = (
				523072992A4A10D000D59EED /* Home.swift */,
			);
			path = Home;
			sourceTree = "<group>";
		};
		523072952A4A101100D59EED /* Search */ = {
			isa = PBXGroup;
			children = (
				5230729B2A4A10DB00D59EED /* Search.swift */,
			);
			path = Search;
			sourceTree = "<group>";
		};
		523072962A4A101700D59EED /* Create */ = {
			isa = PBXGroup;
			children = (
				5230729D2A4A10E200D59EED /* Create.swift */,
			);
			path = Create;
			sourceTree = "<group>";
		};
		523072972A4A101B00D59EED /* Reels */ = {
			isa = PBXGroup;
			children = (
				5230729F2A4A10ED00D59EED /* Reels.swift */,
			);
			path = Reels;
			sourceTree = "<group>";
		};
/* End PBXGroup section */

/* Begin PBXNativeTarget section */
		520799642A391227004173BD /* Instagram */ = {
			isa = PBXNativeTarget;
			buildConfigurationList = 520799732A391227004173BD /* Build configuration list for PBXNativeTarget "Instagram" */;
			buildPhases = (
				520799612A391227004173BD /* Sources */,
				520799622A391227004173BD /* Frameworks */,
				520799632A391227004173BD /* Resources */,
			);
			buildRules = (
			);
			dependencies = (
			);
			name = Instagram;
			packageProductDependencies = (
				5207998F2A393968004173BD /* KMBFormatter */,
			);
			productName = Instagram;
			productReference = 520799652A391227004173BD /* Instagram.app */;
			productType = "com.apple.product-type.application";
		};
/* End PBXNativeTarget section */

/* Begin PBXProject section */
		5207995D2A391227004173BD /* Project object */ = {
			isa = PBXProject;
			attributes = {
				BuildIndependentTargetsInParallel = 1;
				LastSwiftUpdateCheck = 1430;
				LastUpgradeCheck = 1430;
				TargetAttributes = {
					520799642A391227004173BD = {
						CreatedOnToolsVersion = 14.3.1;
					};
				};
			};
			buildConfigurationList = 520799602A391227004173BD /* Build configuration list for PBXProject "Instagram" */;
			compatibilityVersion = "Xcode 14.0";
			developmentRegion = en;
			hasScannedForEncodings = 0;
			knownRegions = (
				en,
				Base,
			);
			mainGroup = 5207995C2A391227004173BD;
			packageReferences = (
				5207998E2A393968004173BD /* XCRemoteSwiftPackageReference "KMBFormatter" */,
			);
			productRefGroup = 520799662A391227004173BD /* Products */;
			projectDirPath = "";
			projectRoot = "";
			targets = (
				520799642A391227004173BD /* Instagram */,
			);
		};
/* End PBXProject section */

/* Begin PBXResourcesBuildPhase section */
		520799632A391227004173BD /* Resources */ = {
			isa = PBXResourcesBuildPhase;
			buildActionMask = 2147483647;
			files = (
				520799702A391227004173BD /* Preview Assets.xcassets in Resources */,
				5207996D2A391227004173BD /* Assets.xcassets in Resources */,
			);
			runOnlyForDeploymentPostprocessing = 0;
		};
/* End PBXResourcesBuildPhase section */

/* Begin PBXSourcesBuildPhase section */
		520799612A391227004173BD /* Sources */ = {
			isa = PBXSourcesBuildPhase;
			buildActionMask = 2147483647;
			files = (
				520799A12A3A1513004173BD /* ProfileTab.swift in Sources */,
				520799852A392D89004173BD /* ProfilePhotoButton.swift in Sources */,
				52326AB72A42A27000F36EF2 /* ProfileTagsTab.swift in Sources */,
				520799952A394B43004173BD /* Database.swift in Sources */,
				5230729E2A4A10E200D59EED /* Create.swift in Sources */,
				520799922A394AD3004173BD /* ProfileActionButton.swift in Sources */,
				5208ABEF2A49F26500299F12 /* ScreenTab.swift in Sources */,
				5207996B2A391227004173BD /* ContentView.swift in Sources */,
				5207997F2A3918A6004173BD /* Color.swift in Sources */,
				5207997C2A3913B5004173BD /* Profile.swift in Sources */,
				52F9F5062A3B49E300144335 /* ProfilePostsTab.swift in Sources */,
				520799692A391227004173BD /* InstagramApp.swift in Sources */,
				5207999B2A3965BB004173BD /* StoryHighlight.swift in Sources */,
				520799892A39371E004173BD /* ProfileBio.swift in Sources */,
				5230729A2A4A10D000D59EED /* Home.swift in Sources */,
				520799A52A3A75E1004173BD /* UserPost.swift in Sources */,
				520799A32A3A197A004173BD /* ProfileTabBar.swift in Sources */,
				520799992A3964F6004173BD /* ProfileStoryHighlights.swift in Sources */,
				52743EAB2A41314D00C4430D /* ProfileMainContent.swift in Sources */,
				520799872A393695004173BD /* ProfileOverview.swift in Sources */,
				52326AB52A429E0400F36EF2 /* ProfileReelsTab.swift in Sources */,
				523072A02A4A10ED00D59EED /* Reels.swift in Sources */,
				5207998D2A3937BE004173BD /* UserProfile.swift in Sources */,
				5230729C2A4A10DB00D59EED /* Search.swift in Sources */,
				520799972A394FD4004173BD /* Int64.swift in Sources */,
				520799A72A3A88BB004173BD /* Array.swift in Sources */,
			);
			runOnlyForDeploymentPostprocessing = 0;
		};
/* End PBXSourcesBuildPhase section */

/* Begin XCBuildConfiguration section */
		520799712A391227004173BD /* Debug */ = {
			isa = XCBuildConfiguration;
			buildSettings = {
				ALWAYS_SEARCH_USER_PATHS = NO;
				CLANG_ANALYZER_NONNULL = YES;
				CLANG_ANALYZER_NUMBER_OBJECT_CONVERSION = YES_AGGRESSIVE;
				CLANG_CXX_LANGUAGE_STANDARD = "gnu++20";
				CLANG_ENABLE_MODULES = YES;
				CLANG_ENABLE_OBJC_ARC = YES;
				CLANG_ENABLE_OBJC_WEAK = YES;
				CLANG_WARN_BLOCK_CAPTURE_AUTORELEASING = YES;
				CLANG_WARN_BOOL_CONVERSION = YES;
				CLANG_WARN_COMMA = YES;
				CLANG_WARN_CONSTANT_CONVERSION = YES;
				CLANG_WARN_DEPRECATED_OBJC_IMPLEMENTATIONS = YES;
				CLANG_WARN_DIRECT_OBJC_ISA_USAGE = YES_ERROR;
				CLANG_WARN_DOCUMENTATION_COMMENTS = YES;
				CLANG_WARN_EMPTY_BODY = YES;
				CLANG_WARN_ENUM_CONVERSION = YES;
				CLANG_WARN_INFINITE_RECURSION = YES;
				CLANG_WARN_INT_CONVERSION = YES;
				CLANG_WARN_NON_LITERAL_NULL_CONVERSION = YES;
				CLANG_WARN_OBJC_IMPLICIT_RETAIN_SELF = YES;
				CLANG_WARN_OBJC_LITERAL_CONVERSION = YES;
				CLANG_WARN_OBJC_ROOT_CLASS = YES_ERROR;
				CLANG_WARN_QUOTED_INCLUDE_IN_FRAMEWORK_HEADER = YES;
				CLANG_WARN_RANGE_LOOP_ANALYSIS = YES;
				CLANG_WARN_STRICT_PROTOTYPES = YES;
				CLANG_WARN_SUSPICIOUS_MOVE = YES;
				CLANG_WARN_UNGUARDED_AVAILABILITY = YES_AGGRESSIVE;
				CLANG_WARN_UNREACHABLE_CODE = YES;
				CLANG_WARN__DUPLICATE_METHOD_MATCH = YES;
				COPY_PHASE_STRIP = NO;
				DEBUG_INFORMATION_FORMAT = dwarf;
				ENABLE_STRICT_OBJC_MSGSEND = YES;
				ENABLE_TESTABILITY = YES;
				GCC_C_LANGUAGE_STANDARD = gnu11;
				GCC_DYNAMIC_NO_PIC = NO;
				GCC_NO_COMMON_BLOCKS = YES;
				GCC_OPTIMIZATION_LEVEL = 0;
				GCC_PREPROCESSOR_DEFINITIONS = (
					"DEBUG=1",
					"$(inherited)",
				);
				GCC_WARN_64_TO_32_BIT_CONVERSION = YES;
				GCC_WARN_ABOUT_RETURN_TYPE = YES_ERROR;
				GCC_WARN_UNDECLARED_SELECTOR = YES;
				GCC_WARN_UNINITIALIZED_AUTOS = YES_AGGRESSIVE;
				GCC_WARN_UNUSED_FUNCTION = YES;
				GCC_WARN_UNUSED_VARIABLE = YES;
				IPHONEOS_DEPLOYMENT_TARGET = 16.4;
				MTL_ENABLE_DEBUG_INFO = INCLUDE_SOURCE;
				MTL_FAST_MATH = YES;
				ONLY_ACTIVE_ARCH = YES;
				SDKROOT = iphoneos;
				SWIFT_ACTIVE_COMPILATION_CONDITIONS = DEBUG;
				SWIFT_OPTIMIZATION_LEVEL = "-Onone";
			};
			name = Debug;
		};
		520799722A391227004173BD /* Release */ = {
			isa = XCBuildConfiguration;
			buildSettings = {
				ALWAYS_SEARCH_USER_PATHS = NO;
				CLANG_ANALYZER_NONNULL = YES;
				CLANG_ANALYZER_NUMBER_OBJECT_CONVERSION = YES_AGGRESSIVE;
				CLANG_CXX_LANGUAGE_STANDARD = "gnu++20";
				CLANG_ENABLE_MODULES = YES;
				CLANG_ENABLE_OBJC_ARC = YES;
				CLANG_ENABLE_OBJC_WEAK = YES;
				CLANG_WARN_BLOCK_CAPTURE_AUTORELEASING = YES;
				CLANG_WARN_BOOL_CONVERSION = YES;
				CLANG_WARN_COMMA = YES;
				CLANG_WARN_CONSTANT_CONVERSION = YES;
				CLANG_WARN_DEPRECATED_OBJC_IMPLEMENTATIONS = YES;
				CLANG_WARN_DIRECT_OBJC_ISA_USAGE = YES_ERROR;
				CLANG_WARN_DOCUMENTATION_COMMENTS = YES;
				CLANG_WARN_EMPTY_BODY = YES;
				CLANG_WARN_ENUM_CONVERSION = YES;
				CLANG_WARN_INFINITE_RECURSION = YES;
				CLANG_WARN_INT_CONVERSION = YES;
				CLANG_WARN_NON_LITERAL_NULL_CONVERSION = YES;
				CLANG_WARN_OBJC_IMPLICIT_RETAIN_SELF = YES;
				CLANG_WARN_OBJC_LITERAL_CONVERSION = YES;
				CLANG_WARN_OBJC_ROOT_CLASS = YES_ERROR;
				CLANG_WARN_QUOTED_INCLUDE_IN_FRAMEWORK_HEADER = YES;
				CLANG_WARN_RANGE_LOOP_ANALYSIS = YES;
				CLANG_WARN_STRICT_PROTOTYPES = YES;
				CLANG_WARN_SUSPICIOUS_MOVE = YES;
				CLANG_WARN_UNGUARDED_AVAILABILITY = YES_AGGRESSIVE;
				CLANG_WARN_UNREACHABLE_CODE = YES;
				CLANG_WARN__DUPLICATE_METHOD_MATCH = YES;
				COPY_PHASE_STRIP = NO;
				DEBUG_INFORMATION_FORMAT = "dwarf-with-dsym";
				ENABLE_NS_ASSERTIONS = NO;
				ENABLE_STRICT_OBJC_MSGSEND = YES;
				GCC_C_LANGUAGE_STANDARD = gnu11;
				GCC_NO_COMMON_BLOCKS = YES;
				GCC_WARN_64_TO_32_BIT_CONVERSION = YES;
				GCC_WARN_ABOUT_RETURN_TYPE = YES_ERROR;
				GCC_WARN_UNDECLARED_SELECTOR = YES;
				GCC_WARN_UNINITIALIZED_AUTOS = YES_AGGRESSIVE;
				GCC_WARN_UNUSED_FUNCTION = YES;
				GCC_WARN_UNUSED_VARIABLE = YES;
				IPHONEOS_DEPLOYMENT_TARGET = 16.4;
				MTL_ENABLE_DEBUG_INFO = NO;
				MTL_FAST_MATH = YES;
				SDKROOT = iphoneos;
				SWIFT_COMPILATION_MODE = wholemodule;
				SWIFT_OPTIMIZATION_LEVEL = "-O";
				VALIDATE_PRODUCT = YES;
			};
			name = Release;
		};
		520799742A391227004173BD /* Debug */ = {
			isa = XCBuildConfiguration;
			buildSettings = {
				ASSETCATALOG_COMPILER_APPICON_NAME = AppIcon;
				ASSETCATALOG_COMPILER_GLOBAL_ACCENT_COLOR_NAME = AccentColor;
				CODE_SIGN_STYLE = Automatic;
				CURRENT_PROJECT_VERSION = 1;
				DEVELOPMENT_ASSET_PATHS = "\"Instagram/Preview Content\"";
				DEVELOPMENT_TEAM = NNZPLDC3Z6;
				ENABLE_PREVIEWS = YES;
				GENERATE_INFOPLIST_FILE = YES;
				INFOPLIST_KEY_UIApplicationSceneManifest_Generation = YES;
				INFOPLIST_KEY_UIApplicationSupportsIndirectInputEvents = YES;
				INFOPLIST_KEY_UILaunchScreen_Generation = YES;
				INFOPLIST_KEY_UISupportedInterfaceOrientations_iPad = "UIInterfaceOrientationPortrait UIInterfaceOrientationPortraitUpsideDown UIInterfaceOrientationLandscapeLeft UIInterfaceOrientationLandscapeRight";
				INFOPLIST_KEY_UISupportedInterfaceOrientations_iPhone = "UIInterfaceOrientationPortrait UIInterfaceOrientationLandscapeLeft UIInterfaceOrientationLandscapeRight";
				LD_RUNPATH_SEARCH_PATHS = (
					"$(inherited)",
					"@executable_path/Frameworks",
				);
				MARKETING_VERSION = 1.0;
				PRODUCT_BUNDLE_IDENTIFIER = com.gmail.villaleobos.Instagram;
				PRODUCT_NAME = "$(TARGET_NAME)";
				SWIFT_EMIT_LOC_STRINGS = YES;
				SWIFT_VERSION = 5.0;
				TARGETED_DEVICE_FAMILY = "1,2";
			};
			name = Debug;
		};
		520799752A391227004173BD /* Release */ = {
			isa = XCBuildConfiguration;
			buildSettings = {
				ASSETCATALOG_COMPILER_APPICON_NAME = AppIcon;
				ASSETCATALOG_COMPILER_GLOBAL_ACCENT_COLOR_NAME = AccentColor;
				CODE_SIGN_STYLE = Automatic;
				CURRENT_PROJECT_VERSION = 1;
				DEVELOPMENT_ASSET_PATHS = "\"Instagram/Preview Content\"";
				DEVELOPMENT_TEAM = NNZPLDC3Z6;
				ENABLE_PREVIEWS = YES;
				GENERATE_INFOPLIST_FILE = YES;
				INFOPLIST_KEY_UIApplicationSceneManifest_Generation = YES;
				INFOPLIST_KEY_UIApplicationSupportsIndirectInputEvents = YES;
				INFOPLIST_KEY_UILaunchScreen_Generation = YES;
				INFOPLIST_KEY_UISupportedInterfaceOrientations_iPad = "UIInterfaceOrientationPortrait UIInterfaceOrientationPortraitUpsideDown UIInterfaceOrientationLandscapeLeft UIInterfaceOrientationLandscapeRight";
				INFOPLIST_KEY_UISupportedInterfaceOrientations_iPhone = "UIInterfaceOrientationPortrait UIInterfaceOrientationLandscapeLeft UIInterfaceOrientationLandscapeRight";
				LD_RUNPATH_SEARCH_PATHS = (
					"$(inherited)",
					"@executable_path/Frameworks",
				);
				MARKETING_VERSION = 1.0;
				PRODUCT_BUNDLE_IDENTIFIER = com.gmail.villaleobos.Instagram;
				PRODUCT_NAME = "$(TARGET_NAME)";
				SWIFT_EMIT_LOC_STRINGS = YES;
				SWIFT_VERSION = 5.0;
				TARGETED_DEVICE_FAMILY = "1,2";
			};
			name = Release;
		};
/* End XCBuildConfiguration section */

/* Begin XCConfigurationList section */
		520799602A391227004173BD /* Build configuration list for PBXProject "Instagram" */ = {
			isa = XCConfigurationList;
			buildConfigurations = (
				520799712A391227004173BD /* Debug */,
				520799722A391227004173BD /* Release */,
			);
			defaultConfigurationIsVisible = 0;
			defaultConfigurationName = Release;
		};
		520799732A391227004173BD /* Build configuration list for PBXNativeTarget "Instagram" */ = {
			isa = XCConfigurationList;
			buildConfigurations = (
				520799742A391227004173BD /* Debug */,
				520799752A391227004173BD /* Release */,
			);
			defaultConfigurationIsVisible = 0;
			defaultConfigurationName = Release;
		};
/* End XCConfigurationList section */

/* Begin XCRemoteSwiftPackageReference section */
		5207998E2A393968004173BD /* XCRemoteSwiftPackageReference "KMBFormatter" */ = {
			isa = XCRemoteSwiftPackageReference;
			repositoryURL = "https://github.com/a-sarris/KMBFormatter.git";
			requirement = {
				branch = main;
				kind = branch;
			};
		};
/* End XCRemoteSwiftPackageReference section */

/* Begin XCSwiftPackageProductDependency section */
		5207998F2A393968004173BD /* KMBFormatter */ = {
			isa = XCSwiftPackageProductDependency;
			package = 5207998E2A393968004173BD /* XCRemoteSwiftPackageReference "KMBFormatter" */;
			productName = KMBFormatter;
		};
/* End XCSwiftPackageProductDependency section */
	};
	rootObject = 5207995D2A391227004173BD /* Project object */;
}
