{
  "pins" : [
    {
      "identity" : "kmbformatter",
      "kind" : "remoteSourceControl",
      "location" : "https://github.com/a-sarris/KMBFormatter.git",
      "state" : {
        "branch" : "main",
        "revision" : "34f0180f6c6defe1c1a460142bbf1f422c5e102e"
      }
    },
    {
      "identity" : "swiftui-shimmer",
      "kind" : "remoteSourceControl",
      "location" : "https://github.com/markiv/SwiftUI-Shimmer",
      "state" : {
        "revision" : "17b66b0e7d94d2d3f220bbcb021b5026436f06c7",
        "version" : "1.3.0"
      }
    }
  ],
  "version" : 2
}
